
Microsoft Visual Studio Solution File, Format Version 12.00
# Visual Studio Version 17
VisualStudioVersion = 17.8.34316.72
MinimumVisualStudioVersion = 10.0.40219.1
Project("{FAE04EC0-301F-11D3-BF4B-00C04F79EFBC}") = "AI2GetKeyword", "AI2GetKeyword.csproj", "{1559BCBA-E10A-4150-986C-DEE69E712F83}"
EndProject
Project("{2150E333-8FDC-42A3-9474-1A3956D46DE8}") = "解决方案项", "解决方案项", "{AD8F506B-7C39-4468-994B-AEF90BB620E6}"
	ProjectSection(SolutionItems) = preProject
		GetKeyword.py = GetKeyword.py
	EndProjectSection
EndProject
Global
	GlobalSection(SolutionConfigurationPlatforms) = preSolution
		Debug|Any CPU = Debug|Any CPU
		Release|Any CPU = Release|Any CPU
	EndGlobalSection
	GlobalSection(ProjectConfigurationPlatforms) = postSolution
		{1559BCBA-E10A-4150-986C-DEE69E712F83}.Debug|Any CPU.ActiveCfg = Debug|Any CPU
		{1559BCBA-E10A-4150-986C-DEE69E712F83}.Debug|Any CPU.Build.0 = Debug|Any CPU
		{1559BCBA-E10A-4150-986C-DEE69E712F83}.Release|Any CPU.ActiveCfg = Release|Any CPU
		{1559BCBA-E10A-4150-986C-DEE69E712F83}.Release|Any CPU.Build.0 = Release|Any CPU
	EndGlobalSection
	GlobalSection(SolutionProperties) = preSolution
		HideSolutionNode = FALSE
	EndGlobalSection
	GlobalSection(ExtensibilityGlobals) = postSolution
		SolutionGuid = {82E46C30-A591-4C36-92E5-CCA9E2BFE27E}
	EndGlobalSection
EndGlobal
